{
    "_readme": [
        "This file locks the dependencies of your project to a known state",
        "Read more about it at https://getcomposer.org/doc/01-basic-usage.md#installing-dependencies",
        "This file is @generated automatically"
    ],
    "content-hash": "505b12ecaf7bccb627f7d309870bb4b0",
    "packages": [
        {
            "name": "juliardi/c45",
            "version": "0.1.0",
            "source": {
                "type": "git",
                "url": "https://github.com/juliardi/C45.git",
                "reference": "e54bff7b08525d6a0a7396fa18e2c201f8734ff5"
            },
            "dist": {
                "type": "zip",
                "url": "https://api.github.com/repos/juliardi/C45/zipball/e54bff7b08525d6a0a7396fa18e2c201f8734ff5",
                "reference": "e54bff7b08525d6a0a7396fa18e2c201f8734ff5",
                "shasum": ""
            },
            "require": {
                "juliardi/data-reader": "^1.0",
                "php": ">=5.5"
            },
            "type": "library",
            "autoload": {
                "psr-4": {
                    "C45\\": "src/"
                }
            },
            "notification-url": "https://packagist.org/downloads/",
            "license": [
                "MIT"
            ],
            "authors": [
                {
                    "name": "Muhammad Safri Juliardi",
                    "email": "ardi93@gmail.com"
                }
            ],
            "support": {
                "issues": "https://github.com/juliardi/C45/issues",
                "source": "https://github.com/juliardi/C45/tree/master"
            },
            "time": "2018-05-20T07:08:08+00:00"
        },
        {
            "name": "juliardi/data-reader",
            "version": "1.1.1",
            "source": {
                "type": "git",
                "url": "https://github.com/juliardi/data-reader.git",
                "reference": "839c595ac8461de3d0d96081c1b0d47beb6e46d1"
            },
            "dist": {
                "type": "zip",
                "url": "https://api.github.com/repos/juliardi/data-reader/zipball/839c595ac8461de3d0d96081c1b0d47beb6e46d1",
                "reference": "839c595ac8461de3d0d96081c1b0d47beb6e46d1",
                "shasum": ""
            },
            "require-dev": {
                "phpunit/phpunit": "5.5.*"
            },
            "type": "library",
            "autoload": {
                "psr-4": {
                    "Test\\": "tests/",
                    "DataReader\\": "src/"
                }
            },
            "notification-url": "https://packagist.org/downloads/",
            "license": [
                "MIT"
            ],
            "authors": [
                {
                    "name": "Muhammad Safri Juliardi",
                    "email": "ardi93@gmail.com"
                }
            ],
            "support": {
                "issues": "https://github.com/juliardi/data-reader/issues",
                "source": "https://github.com/juliardi/data-reader/tree/master"
            },
            "time": "2019-04-29T10:11:34+00:00"
        }
    ],
    "packages-dev": [],
    "aliases": [],
    "minimum-stability": "stable",
    "stability-flags": [],
    "prefer-stable": false,
    "prefer-lowest": false,
    "platform": [],
    "platform-dev": [],
    "plugin-api-version": "2.2.0"
}
